
Microsoft Visual Studio Solution File, Format Version 12.00
# Visual Studio Version 17
VisualStudioVersion = 17.2.32630.192
MinimumVisualStudioVersion = 10.0.40219.1
Project("{FAE04EC0-301F-11D3-BF4B-00C04F79EFBC}") = "net6MVCCRUD", "net6MVCCRUD\net6MVCCRUD.csproj", "{D96C2262-25A4-47CB-9D2F-B7BB4805FF2C}"
EndProject
Global
	GlobalSection(SolutionConfigurationPlatforms) = preSolution
		Debug|Any CPU = Debug|Any CPU
		Release|Any CPU = Release|Any CPU
	EndGlobalSection
	GlobalSection(ProjectConfigurationPlatforms) = postSolution
		{D96C2262-25A4-47CB-9D2F-B7BB4805FF2C}.Debug|Any CPU.ActiveCfg = Debug|Any CPU
		{D96C2262-25A4-47CB-9D2F-B7BB4805FF2C}.Debug|Any CPU.Build.0 = Debug|Any CPU
		{D96C2262-25A4-47CB-9D2F-B7BB4805FF2C}.Release|Any CPU.ActiveCfg = Release|Any CPU
		{D96C2262-25A4-47CB-9D2F-B7BB4805FF2C}.Release|Any CPU.Build.0 = Release|Any CPU
	EndGlobalSection
	GlobalSection(SolutionProperties) = preSolution
		HideSolutionNode = FALSE
	EndGlobalSection
	GlobalSection(ExtensibilityGlobals) = postSolution
		SolutionGuid = {48DD9F04-E906-4CCE-BE29-D080A8AE00EA}
	EndGlobalSection
EndGlobal
